
Microsoft Visual Studio Solution File, Format Version 12.00
# Visual Studio Version 17
VisualStudioVersion = 17.5.33516.290
MinimumVisualStudioVersion = 10.0.40219.1
Project("{FAE04EC0-301F-11D3-BF4B-00C04F79EFBC}") = "Console-Toolkit", "Console-Toolkit.csproj", "{6AAF2FB6-C649-4D0F-B5D8-3DA633674ADD}"
EndProject
Global
	GlobalSection(SolutionConfigurationPlatforms) = preSolution
		Debug|Any CPU = Debug|Any CPU
		Release|Any CPU = Release|Any CPU
	EndGlobalSection
	GlobalSection(ProjectConfigurationPlatforms) = postSolution
		{6AAF2FB6-C649-4D0F-B5D8-3DA633674ADD}.Debug|Any CPU.ActiveCfg = Debug|Any CPU
		{6AAF2FB6-C649-4D0F-B5D8-3DA633674ADD}.Debug|Any CPU.Build.0 = Debug|Any CPU
		{6AAF2FB6-C649-4D0F-B5D8-3DA633674ADD}.Release|Any CPU.ActiveCfg = Release|Any CPU
		{6AAF2FB6-C649-4D0F-B5D8-3DA633674ADD}.Release|Any CPU.Build.0 = Release|Any CPU
	EndGlobalSection
	GlobalSection(SolutionProperties) = preSolution
		HideSolutionNode = FALSE
	EndGlobalSection
	GlobalSection(ExtensibilityGlobals) = postSolution
		SolutionGuid = {4085BA39-1720-48F5-B957-12931F69004F}
	EndGlobalSection
EndGlobal
